
Microsoft Visual Studio Solution File, Format Version 12.00
# Visual Studio Version 17
VisualStudioVersion = 17.5.002.0
MinimumVisualStudioVersion = 10.0.40219.1
Project("{9A19103F-16F7-4668-BE54-9A1E7A4F7556}") = "240311_01", "240311_01.csproj", "{E165C86D-7D3E-4A60-ABC7-6F49EE7B8066}"
EndProject
Global
	GlobalSection(SolutionConfigurationPlatforms) = preSolution
		Debug|Any CPU = Debug|Any CPU
		Release|Any CPU = Release|Any CPU
	EndGlobalSection
	GlobalSection(ProjectConfigurationPlatforms) = postSolution
		{E165C86D-7D3E-4A60-ABC7-6F49EE7B8066}.Debug|Any CPU.ActiveCfg = Debug|Any CPU
		{E165C86D-7D3E-4A60-ABC7-6F49EE7B8066}.Debug|Any CPU.Build.0 = Debug|Any CPU
		{E165C86D-7D3E-4A60-ABC7-6F49EE7B8066}.Release|Any CPU.ActiveCfg = Release|Any CPU
		{E165C86D-7D3E-4A60-ABC7-6F49EE7B8066}.Release|Any CPU.Build.0 = Release|Any CPU
	EndGlobalSection
	GlobalSection(SolutionProperties) = preSolution
		HideSolutionNode = FALSE
	EndGlobalSection
	GlobalSection(ExtensibilityGlobals) = postSolution
		SolutionGuid = {026DA66E-FA29-4507-9965-86B6D3019E29}
	EndGlobalSection
EndGlobal
