
Microsoft Visual Studio Solution File, Format Version 12.00
# Visual Studio Version 17
VisualStudioVersion = 17.5.002.0
MinimumVisualStudioVersion = 10.0.40219.1
Project("{9A19103F-16F7-4668-BE54-9A1E7A4F7556}") = "240318_01", "240318_01.csproj", "{973C6A25-F297-43CF-8298-216F1F5CCE73}"
EndProject
Global
	GlobalSection(SolutionConfigurationPlatforms) = preSolution
		Debug|Any CPU = Debug|Any CPU
		Release|Any CPU = Release|Any CPU
	EndGlobalSection
	GlobalSection(ProjectConfigurationPlatforms) = postSolution
		{973C6A25-F297-43CF-8298-216F1F5CCE73}.Debug|Any CPU.ActiveCfg = Debug|Any CPU
		{973C6A25-F297-43CF-8298-216F1F5CCE73}.Debug|Any CPU.Build.0 = Debug|Any CPU
		{973C6A25-F297-43CF-8298-216F1F5CCE73}.Release|Any CPU.ActiveCfg = Release|Any CPU
		{973C6A25-F297-43CF-8298-216F1F5CCE73}.Release|Any CPU.Build.0 = Release|Any CPU
	EndGlobalSection
	GlobalSection(SolutionProperties) = preSolution
		HideSolutionNode = FALSE
	EndGlobalSection
	GlobalSection(ExtensibilityGlobals) = postSolution
		SolutionGuid = {9BCD59D1-4679-4CE8-B0DE-48C0FB089336}
	EndGlobalSection
EndGlobal
